// !$*UTF8*$!
{
	archiveVersion = 1;
	classes = {
	};
	objectVersion = 46;
	objects = {

/* Begin PBXBuildFile section */
		BFB371701D026C57006E268F /* AppDelegate.swift in Sources */ = {isa = PBXBuildFile; fileRef = BFB3716F1D026C57006E268F /* AppDelegate.swift */; };
		BFB371721D026C57006E268F /* ViewController.swift in Sources */ = {isa = PBXBuildFile; fileRef = BFB371711D026C57006E268F /* ViewController.swift */; };
		BFB371751D026C57006E268F /* Main.storyboard in Resources */ = {isa = PBXBuildFile; fileRef = BFB371731D026C57006E268F /* Main.storyboard */; };
		BFB371771D026C57006E268F /* Assets.xcassets in Resources */ = {isa = PBXBuildFile; fileRef = BFB371761D026C57006E268F /* Assets.xcassets */; };
		BFB3717A1D026C57006E268F /* LaunchScreen.storyboard in Resources */ = {isa = PBXBuildFile; fileRef = BFB371781D026C57006E268F /* LaunchScreen.storyboard */; };
		BFB371831D02712E006E268F /* ZipCodeTextFieldDelegate.swift in Sources */ = {isa = PBXBuildFile; fileRef = BFB371821D02712E006E268F /* ZipCodeTextFieldDelegate.swift */; };
		BFB371851D0273EC006E268F /* CashTextFieldDelegate.swift in Sources */ = {isa = PBXBuildFile; fileRef = BFB371841D0273EC006E268F /* CashTextFieldDelegate.swift */; };
/* End PBXBuildFile section */

/* Begin PBXFileReference section */
		BFB3716C1D026C57006E268F /* DelegatesChallenge.app */ = {isa = PBXFileReference; explicitFileType = wrapper.application; includeInIndex = 0; path = DelegatesChallenge.app; sourceTree = BUILT_PRODUCTS_DIR; };
		BFB3716F1D026C57006E268F /* AppDelegate.swift */ = {isa = PBXFileReference; lastKnownFileType = sourcecode.swift; path = AppDelegate.swift; sourceTree = "<group>"; };
		BFB371711D026C57006E268F /* ViewController.swift */ = {isa = PBXFileReference; lastKnownFileType = sourcecode.swift; path = ViewController.swift; sourceTree = "<group>"; };
		BFB371741D026C57006E268F /* Base */ = {isa = PBXFileReference; lastKnownFileType = file.storyboard; name = Base; path = Base.lproj/Main.storyboard; sourceTree = "<group>"; };
		BFB371761D026C57006E268F /* Assets.xcassets */ = {isa = PBXFileReference; lastKnownFileType = folder.assetcatalog; path = Assets.xcassets; sourceTree = "<group>"; };
		BFB371791D026C57006E268F /* Base */ = {isa = PBXFileReference; lastKnownFileType = file.storyboard; name = Base; path = Base.lproj/LaunchScreen.storyboard; sourceTree = "<group>"; };
		BFB3717B1D026C57006E268F /* Info.plist */ = {isa = PBXFileReference; lastKnownFileType = text.plist.xml; path = Info.plist; sourceTree = "<group>"; };
		BFB371821D02712E006E268F /* ZipCodeTextFieldDelegate.swift */ = {isa = PBXFileReference; fileEncoding = 4; lastKnownFileType = sourcecode.swift; path = ZipCodeTextFieldDelegate.swift; sourceTree = "<group>"; };
		BFB371841D0273EC006E268F /* CashTextFieldDelegate.swift */ = {isa = PBXFileReference; fileEncoding = 4; lastKnownFileType = sourcecode.swift; path = CashTextFieldDelegate.swift; sourceTree = "<group>"; };
/* End PBXFileReference section */

/* Begin PBXFrameworksBuildPhase section */
		BFB371691D026C57006E268F /* Frameworks */ = {
			isa = PBXFrameworksBuildPhase;
			buildActionMask = 2147483647;
			files = (
			);
			runOnlyForDeploymentPostprocessing = 0;
		};
/* End PBXFrameworksBuildPhase section */

/* Begin PBXGroup section */
		BFB371631D026C57006E268F = {
			isa = PBXGroup;
			children = (
				BFB3716E1D026C57006E268F /* DelegatesChallenge */,
				BFB3716D1D026C57006E268F /* Products */,
			);
			sourceTree = "<group>";
		};
		BFB3716D1D026C57006E268F /* Products */ = {
			isa = PBXGroup;
			children = (
				BFB3716C1D026C57006E268F /* DelegatesChallenge.app */,
			);
			name = Products;
			sourceTree = "<group>";
		};
		BFB3716E1D026C57006E268F /* DelegatesChallenge */ = {
			isa = PBXGroup;
			children = (
				BFB3716F1D026C57006E268F /* AppDelegate.swift */,
				BFB371711D026C57006E268F /* ViewController.swift */,
				BFB371731D026C57006E268F /* Main.storyboard */,
				BFB371811D0270C2006E268F /* TextFieldDelegate */,
				BFB371761D026C57006E268F /* Assets.xcassets */,
				BFB371781D026C57006E268F /* LaunchScreen.storyboard */,
				BFB3717B1D026C57006E268F /* Info.plist */,
			);
			path = DelegatesChallenge;
			sourceTree = "<group>";
		};
		BFB371811D0270C2006E268F /* TextFieldDelegate */ = {
			isa = PBXGroup;
			children = (
				BFB371821D02712E006E268F /* ZipCodeTextFieldDelegate.swift */,
				BFB371841D0273EC006E268F /* CashTextFieldDelegate.swift */,
			);
			name = TextFieldDelegate;
			sourceTree = "<group>";
		};
/* End PBXGroup section */

/* Begin PBXNativeTarget section */
		BFB3716B1D026C57006E268F /* DelegatesChallenge */ = {
			isa = PBXNativeTarget;
			buildConfigurationList = BFB3717E1D026C57006E268F /* Build configuration list for PBXNativeTarget "DelegatesChallenge" */;
			buildPhases = (
				BFB371681D026C57006E268F /* Sources */,
				BFB371691D026C57006E268F /* Frameworks */,
				BFB3716A1D026C57006E268F /* Resources */,
			);
			buildRules = (
			);
			dependencies = (
			);
			name = DelegatesChallenge;
			productName = DelegatesChallenge;
			productReference = BFB3716C1D026C57006E268F /* DelegatesChallenge.app */;
			productType = "com.apple.product-type.application";
		};
/* End PBXNativeTarget section */

/* Begin PBXProject section */
		BFB371641D026C57006E268F /* Project object */ = {
			isa = PBXProject;
			attributes = {
				LastSwiftUpdateCheck = 0730;
				LastUpgradeCheck = 0730;
				ORGANIZATIONNAME = Jun.Yuan;
				TargetAttributes = {
					BFB3716B1D026C57006E268F = {
						CreatedOnToolsVersion = 7.3.1;
					};
				};
			};
			buildConfigurationList = BFB371671D026C57006E268F /* Build configuration list for PBXProject "DelegatesChallenge" */;
			compatibilityVersion = "Xcode 3.2";
			developmentRegion = English;
			hasScannedForEncodings = 0;
			knownRegions = (
				en,
				Base,
			);
			mainGroup = BFB371631D026C57006E268F;
			productRefGroup = BFB3716D1D026C57006E268F /* Products */;
			projectDirPath = "";
			projectRoot = "";
			targets = (
				BFB3716B1D026C57006E268F /* DelegatesChallenge */,
			);
		};
/* End PBXProject section */

/* Begin PBXResourcesBuildPhase section */
		BFB3716A1D026C57006E268F /* Resources */ = {
			isa = PBXResourcesBuildPhase;
			buildActionMask = 2147483647;
			files = (
				BFB3717A1D026C57006E268F /* LaunchScreen.storyboard in Resources */,
				BFB371771D026C57006E268F /* Assets.xcassets in Resources */,
				BFB371751D026C57006E268F /* Main.storyboard in Resources */,
			);
			runOnlyForDeploymentPostprocessing = 0;
		};
/* End PBXResourcesBuildPhase section */

/* Begin PBXSourcesBuildPhase section */
		BFB371681D026C57006E268F /* Sources */ = {
			isa = PBXSourcesBuildPhase;
			buildActionMask = 2147483647;
			files = (
				BFB371721D026C57006E268F /* ViewController.swift in Sources */,
				BFB371851D0273EC006E268F /* CashTextFieldDelegate.swift in Sources */,
				BFB371831D02712E006E268F /* ZipCodeTextFieldDelegate.swift in Sources */,
				BFB371701D026C57006E268F /* AppDelegate.swift in Sources */,
			);
			runOnlyForDeploymentPostprocessing = 0;
		};
/* End PBXSourcesBuildPhase section */

/* Begin PBXVariantGroup section */
		BFB371731D026C57006E268F /* Main.storyboard */ = {
			isa = PBXVariantGroup;
			children = (
				BFB371741D026C57006E268F /* Base */,
			);
			name = Main.storyboard;
			sourceTree = "<group>";
		};
		BFB371781D026C57006E268F /* LaunchScreen.storyboard */ = {
			isa = PBXVariantGroup;
			children = (
				BFB371791D026C57006E268F /* Base */,
			);
			name = LaunchScreen.storyboard;
			sourceTree = "<group>";
		};
/* End PBXVariantGroup section */

/* Begin XCBuildConfiguration section */
		BFB3717C1D026C57006E268F /* Debug */ = {
			isa = XCBuildConfiguration;
			buildSettings = {
				ALWAYS_SEARCH_USER_PATHS = NO;
				CLANG_ANALYZER_NONNULL = YES;
				CLANG_CXX_LANGUAGE_STANDARD = "gnu++0x";
				CLANG_CXX_LIBRARY = "libc++";
				CLANG_ENABLE_MODULES = YES;
				CLANG_ENABLE_OBJC_ARC = YES;
				CLANG_WARN_BOOL_CONVERSION = YES;
				CLANG_WARN_CONSTANT_CONVERSION = YES;
				CLANG_WARN_DIRECT_OBJC_ISA_USAGE = YES_ERROR;
				CLANG_WARN_EMPTY_BODY = YES;
				CLANG_WARN_ENUM_CONVERSION = YES;
				CLANG_WARN_INT_CONVERSION = YES;
				CLANG_WARN_OBJC_ROOT_CLASS = YES_ERROR;
				CLANG_WARN_UNREACHABLE_CODE = YES;
				CLANG_WARN__DUPLICATE_METHOD_MATCH = YES;
				"CODE_SIGN_IDENTITY[sdk=iphoneos*]" = "iPhone Developer";
				COPY_PHASE_STRIP = NO;
				DEBUG_INFORMATION_FORMAT = dwarf;
				ENABLE_STRICT_OBJC_MSGSEND = YES;
				ENABLE_TESTABILITY = YES;
				GCC_C_LANGUAGE_STANDARD = gnu99;
				GCC_DYNAMIC_NO_PIC = NO;
				GCC_NO_COMMON_BLOCKS = YES;
				GCC_OPTIMIZATION_LEVEL = 0;
				GCC_PREPROCESSOR_DEFINITIONS = (
					"DEBUG=1",
					"$(inherited)",
				);
				GCC_WARN_64_TO_32_BIT_CONVERSION = YES;
				GCC_WARN_ABOUT_RETURN_TYPE = YES_ERROR;
				GCC_WARN_UNDECLARED_SELECTOR = YES;
				GCC_WARN_UNINITIALIZED_AUTOS = YES_AGGRESSIVE;
				GCC_WARN_UNUSED_FUNCTION = YES;
				GCC_WARN_UNUSED_VARIABLE = YES;
				IPHONEOS_DEPLOYMENT_TARGET = 9.3;
				MTL_ENABLE_DEBUG_INFO = YES;
				ONLY_ACTIVE_ARCH = YES;
				SDKROOT = iphoneos;
				SWIFT_OPTIMIZATION_LEVEL = "-Onone";
			};
			name = Debug;
		};
		BFB3717D1D026C57006E268F /* Release */ = {
			isa = XCBuildConfiguration;
			buildSettings = {
				ALWAYS_SEARCH_USER_PATHS = NO;
				CLANG_ANALYZER_NONNULL = YES;
				CLANG_CXX_LANGUAGE_STANDARD = "gnu++0x";
				CLANG_CXX_LIBRARY = "libc++";
				CLANG_ENABLE_MODULES = YES;
				CLANG_ENABLE_OBJC_ARC = YES;
				CLANG_WARN_BOOL_CONVERSION = YES;
				CLANG_WARN_CONSTANT_CONVERSION = YES;
				CLANG_WARN_DIRECT_OBJC_ISA_USAGE = YES_ERROR;
				CLANG_WARN_EMPTY_BODY = YES;
				CLANG_WARN_ENUM_CONVERSION = YES;
				CLANG_WARN_INT_CONVERSION = YES;
				CLANG_WARN_OBJC_ROOT_CLASS = YES_ERROR;
				CLANG_WARN_UNREACHABLE_CODE = YES;
				CLANG_WARN__DUPLICATE_METHOD_MATCH = YES;
				"CODE_SIGN_IDENTITY[sdk=iphoneos*]" = "iPhone Developer";
				COPY_PHASE_STRIP = NO;
				DEBUG_INFORMATION_FORMAT = "dwarf-with-dsym";
				ENABLE_NS_ASSERTIONS = NO;
				ENABLE_STRICT_OBJC_MSGSEND = YES;
				GCC_C_LANGUAGE_STANDARD = gnu99;
				GCC_NO_COMMON_BLOCKS = YES;
				GCC_WARN_64_TO_32_BIT_CONVERSION = YES;
				GCC_WARN_ABOUT_RETURN_TYPE = YES_ERROR;
				GCC_WARN_UNDECLARED_SELECTOR = YES;
				GCC_WARN_UNINITIALIZED_AUTOS = YES_AGGRESSIVE;
				GCC_WARN_UNUSED_FUNCTION = YES;
				GCC_WARN_UNUSED_VARIABLE = YES;
				IPHONEOS_DEPLOYMENT_TARGET = 9.3;
				MTL_ENABLE_DEBUG_INFO = NO;
				SDKROOT = iphoneos;
				VALIDATE_PRODUCT = YES;
			};
			name = Release;
		};
		BFB3717F1D026C57006E268F /* Debug */ = {
			isa = XCBuildConfiguration;
			buildSettings = {
				ASSETCATALOG_COMPILER_APPICON_NAME = AppIcon;
				INFOPLIST_FILE = DelegatesChallenge/Info.plist;
				LD_RUNPATH_SEARCH_PATHS = "$(inherited) @executable_path/Frameworks";
				PRODUCT_BUNDLE_IDENTIFIER = com.yuanjun.DelegatesChallenge;
				PRODUCT_NAME = "$(TARGET_NAME)";
			};
			name = Debug;
		};
		BFB371801D026C57006E268F /* Release */ = {
			isa = XCBuildConfiguration;
			buildSettings = {
				ASSETCATALOG_COMPILER_APPICON_NAME = AppIcon;
				INFOPLIST_FILE = DelegatesChallenge/Info.plist;
				LD_RUNPATH_SEARCH_PATHS = "$(inherited) @executable_path/Frameworks";
				PRODUCT_BUNDLE_IDENTIFIER = com.yuanjun.DelegatesChallenge;
				PRODUCT_NAME = "$(TARGET_NAME)";
			};
			name = Release;
		};
/* End XCBuildConfiguration section */

/* Begin XCConfigurationList section */
		BFB371671D026C57006E268F /* Build configuration list for PBXProject "DelegatesChallenge" */ = {
			isa = XCConfigurationList;
			buildConfigurations = (
				BFB3717C1D026C57006E268F /* Debug */,
				BFB3717D1D026C57006E268F /* Release */,
			);
			defaultConfigurationIsVisible = 0;
			defaultConfigurationName = Release;
		};
		BFB3717E1D026C57006E268F /* Build configuration list for PBXNativeTarget "DelegatesChallenge" */ = {
			isa = XCConfigurationList;
			buildConfigurations = (
				BFB3717F1D026C57006E268F /* Debug */,
				BFB371801D026C57006E268F /* Release */,
			);
			defaultConfigurationIsVisible = 0;
		};
/* End XCConfigurationList section */
	};
	rootObject = BFB371641D026C57006E268F /* Project object */;
}
